// !$*UTF8*$!
{
	archiveVersion = 1;
	classes = {
	};
	objectVersion = 55;
	objects = {

/* Begin PBXBuildFile section */
		16BE312A2A57F11A002A1B28 /* AppDelegate.m in Sources */ = {isa = PBXBuildFile; fileRef = 16BE31292A57F11A002A1B28 /* AppDelegate.m */; };
		16BE312D2A57F11A002A1B28 /* SceneDelegate.m in Sources */ = {isa = PBXBuildFile; fileRef = 16BE312C2A57F11A002A1B28 /* SceneDelegate.m */; };
		16BE31302A57F11A002A1B28 /* ViewController.m in Sources */ = {isa = PBXBuildFile; fileRef = 16BE312F2A57F11A002A1B28 /* ViewController.m */; };
		16BE31332A57F11A002A1B28 /* Main.storyboard in Resources */ = {isa = PBXBuildFile; fileRef = 16BE31312A57F11A002A1B28 /* Main.storyboard */; };
		16BE31352A57F11C002A1B28 /* Assets.xcassets in Resources */ = {isa = PBXBuildFile; fileRef = 16BE31342A57F11C002A1B28 /* Assets.xcassets */; };
		16BE31382A57F11C002A1B28 /* LaunchScreen.storyboard in Resources */ = {isa = PBXBuildFile; fileRef = 16BE31362A57F11C002A1B28 /* LaunchScreen.storyboard */; };
		16BE313B2A57F11C002A1B28 /* main.m in Sources */ = {isa = PBXBuildFile; fileRef = 16BE313A2A57F11C002A1B28 /* main.m */; };
		16BE314B2A57F278002A1B28 /* XXHomeVC.m in Sources */ = {isa = PBXBuildFile; fileRef = 16BE314A2A57F278002A1B28 /* XXHomeVC.m */; };
		16BE314F2A57F3B3002A1B28 /* XXTabBarController.m in Sources */ = {isa = PBXBuildFile; fileRef = 16BE314E2A57F3B3002A1B28 /* XXTabBarController.m */; };
		16D417092A580023000AFDB5 /* XXSettingVC.m in Sources */ = {isa = PBXBuildFile; fileRef = 16D417082A580023000AFDB5 /* XXSettingVC.m */; };
/* End PBXBuildFile section */

/* Begin PBXFileReference section */
		16BE31252A57F11A002A1B28 /* XXGameCounter.app */ = {isa = PBXFileReference; explicitFileType = wrapper.application; includeInIndex = 0; path = XXGameCounter.app; sourceTree = BUILT_PRODUCTS_DIR; };
		16BE31282A57F11A002A1B28 /* AppDelegate.h */ = {isa = PBXFileReference; lastKnownFileType = sourcecode.c.h; path = AppDelegate.h; sourceTree = "<group>"; };
		16BE31292A57F11A002A1B28 /* AppDelegate.m */ = {isa = PBXFileReference; lastKnownFileType = sourcecode.c.objc; path = AppDelegate.m; sourceTree = "<group>"; };
		16BE312B2A57F11A002A1B28 /* SceneDelegate.h */ = {isa = PBXFileReference; lastKnownFileType = sourcecode.c.h; path = SceneDelegate.h; sourceTree = "<group>"; };
		16BE312C2A57F11A002A1B28 /* SceneDelegate.m */ = {isa = PBXFileReference; lastKnownFileType = sourcecode.c.objc; path = SceneDelegate.m; sourceTree = "<group>"; };
		16BE312E2A57F11A002A1B28 /* ViewController.h */ = {isa = PBXFileReference; lastKnownFileType = sourcecode.c.h; path = ViewController.h; sourceTree = "<group>"; };
		16BE312F2A57F11A002A1B28 /* ViewController.m */ = {isa = PBXFileReference; lastKnownFileType = sourcecode.c.objc; path = ViewController.m; sourceTree = "<group>"; };
		16BE31322A57F11A002A1B28 /* Base */ = {isa = PBXFileReference; lastKnownFileType = file.storyboard; name = Base; path = Base.lproj/Main.storyboard; sourceTree = "<group>"; };
		16BE31342A57F11C002A1B28 /* Assets.xcassets */ = {isa = PBXFileReference; lastKnownFileType = folder.assetcatalog; path = Assets.xcassets; sourceTree = "<group>"; };
		16BE31372A57F11C002A1B28 /* Base */ = {isa = PBXFileReference; lastKnownFileType = file.storyboard; name = Base; path = Base.lproj/LaunchScreen.storyboard; sourceTree = "<group>"; };
		16BE31392A57F11C002A1B28 /* Info.plist */ = {isa = PBXFileReference; lastKnownFileType = text.plist.xml; path = Info.plist; sourceTree = "<group>"; };
		16BE313A2A57F11C002A1B28 /* main.m */ = {isa = PBXFileReference; lastKnownFileType = sourcecode.c.objc; path = main.m; sourceTree = "<group>"; };
		16BE31492A57F278002A1B28 /* XXHomeVC.h */ = {isa = PBXFileReference; lastKnownFileType = sourcecode.c.h; path = XXHomeVC.h; sourceTree = "<group>"; };
		16BE314A2A57F278002A1B28 /* XXHomeVC.m */ = {isa = PBXFileReference; lastKnownFileType = sourcecode.c.objc; path = XXHomeVC.m; sourceTree = "<group>"; };
		16BE314D2A57F3B3002A1B28 /* XXTabBarController.h */ = {isa = PBXFileReference; lastKnownFileType = sourcecode.c.h; path = XXTabBarController.h; sourceTree = "<group>"; };
		16BE314E2A57F3B3002A1B28 /* XXTabBarController.m */ = {isa = PBXFileReference; lastKnownFileType = sourcecode.c.objc; path = XXTabBarController.m; sourceTree = "<group>"; };
		16D417072A580023000AFDB5 /* XXSettingVC.h */ = {isa = PBXFileReference; lastKnownFileType = sourcecode.c.h; path = XXSettingVC.h; sourceTree = "<group>"; };
		16D417082A580023000AFDB5 /* XXSettingVC.m */ = {isa = PBXFileReference; lastKnownFileType = sourcecode.c.objc; path = XXSettingVC.m; sourceTree = "<group>"; };
/* End PBXFileReference section */

/* Begin PBXFrameworksBuildPhase section */
		16BE31222A57F11A002A1B28 /* Frameworks */ = {
			isa = PBXFrameworksBuildPhase;
			buildActionMask = 2147483647;
			files = (
			);
			runOnlyForDeploymentPostprocessing = 0;
		};
/* End PBXFrameworksBuildPhase section */

/* Begin PBXGroup section */
		16BE311C2A57F11A002A1B28 = {
			isa = PBXGroup;
			children = (
				16BE31272A57F11A002A1B28 /* XXGameCounter */,
				16BE31262A57F11A002A1B28 /* Products */,
			);
			sourceTree = "<group>";
		};
		16BE31262A57F11A002A1B28 /* Products */ = {
			isa = PBXGroup;
			children = (
				16BE31252A57F11A002A1B28 /* XXGameCounter.app */,
			);
			name = Products;
			sourceTree = "<group>";
		};
		16BE31272A57F11A002A1B28 /* XXGameCounter */ = {
			isa = PBXGroup;
			children = (
				16BE31412A57F22B002A1B28 /* Classes */,
			);
			path = XXGameCounter;
			sourceTree = "<group>";
		};
		16BE31412A57F22B002A1B28 /* Classes */ = {
			isa = PBXGroup;
			children = (
				16BE31482A57F22B002A1B28 /* Main */,
				16BE31472A57F22B002A1B28 /* Other */,
				16BE31462A57F22B002A1B28 /* Tools */,
				16BE31422A57F22B002A1B28 /* Home */,
				16D417032A580000000AFDB5 /* Setting */,
			);
			path = Classes;
			sourceTree = "<group>";
		};
		16BE31422A57F22B002A1B28 /* Home */ = {
			isa = PBXGroup;
			children = (
				16BE31432A57F22B002A1B28 /* UI */,
				16BE31442A57F22B002A1B28 /* Service */,
				16BE31452A57F22B002A1B28 /* Data */,
			);
			path = Home;
			sourceTree = "<group>";
		};
		16BE31432A57F22B002A1B28 /* UI */ = {
			isa = PBXGroup;
			children = (
			);
			path = UI;
			sourceTree = "<group>";
		};
		16BE31442A57F22B002A1B28 /* Service */ = {
			isa = PBXGroup;
			children = (
				16BE31492A57F278002A1B28 /* XXHomeVC.h */,
				16BE314A2A57F278002A1B28 /* XXHomeVC.m */,
			);
			path = Service;
			sourceTree = "<group>";
		};
		16BE31452A57F22B002A1B28 /* Data */ = {
			isa = PBXGroup;
			children = (
			);
			path = Data;
			sourceTree = "<group>";
		};
		16BE31462A57F22B002A1B28 /* Tools */ = {
			isa = PBXGroup;
			children = (
			);
			path = Tools;
			sourceTree = "<group>";
		};
		16BE31472A57F22B002A1B28 /* Other */ = {
			isa = PBXGroup;
			children = (
				16BE31342A57F11C002A1B28 /* Assets.xcassets */,
				16BE31362A57F11C002A1B28 /* LaunchScreen.storyboard */,
				16BE31392A57F11C002A1B28 /* Info.plist */,
				16BE313A2A57F11C002A1B28 /* main.m */,
			);
			path = Other;
			sourceTree = "<group>";
		};
		16BE31482A57F22B002A1B28 /* Main */ = {
			isa = PBXGroup;
			children = (
				16BE314C2A57F399002A1B28 /* Base */,
				16BE31282A57F11A002A1B28 /* AppDelegate.h */,
				16BE31292A57F11A002A1B28 /* AppDelegate.m */,
				16BE312B2A57F11A002A1B28 /* SceneDelegate.h */,
				16BE312C2A57F11A002A1B28 /* SceneDelegate.m */,
				16BE312E2A57F11A002A1B28 /* ViewController.h */,
				16BE312F2A57F11A002A1B28 /* ViewController.m */,
				16BE31312A57F11A002A1B28 /* Main.storyboard */,
			);
			path = Main;
			sourceTree = "<group>";
		};
		16BE314C2A57F399002A1B28 /* Base */ = {
			isa = PBXGroup;
			children = (
				16BE314D2A57F3B3002A1B28 /* XXTabBarController.h */,
				16BE314E2A57F3B3002A1B28 /* XXTabBarController.m */,
			);
			path = Base;
			sourceTree = "<group>";
		};
		16D417032A580000000AFDB5 /* Setting */ = {
			isa = PBXGroup;
			children = (
				16D417062A580011000AFDB5 /* Service */,
				16D417052A58000D000AFDB5 /* Data */,
				16D417042A580008000AFDB5 /* UI */,
			);
			path = Setting;
			sourceTree = "<group>";
		};
		16D417042A580008000AFDB5 /* UI */ = {
			isa = PBXGroup;
			children = (
				16D417072A580023000AFDB5 /* XXSettingVC.h */,
				16D417082A580023000AFDB5 /* XXSettingVC.m */,
			);
			path = UI;
			sourceTree = "<group>";
		};
		16D417052A58000D000AFDB5 /* Data */ = {
			isa = PBXGroup;
			children = (
			);
			path = Data;
			sourceTree = "<group>";
		};
		16D417062A580011000AFDB5 /* Service */ = {
			isa = PBXGroup;
			children = (
			);
			path = Service;
			sourceTree = "<group>";
		};
/* End PBXGroup section */

/* Begin PBXNativeTarget section */
		16BE31242A57F11A002A1B28 /* XXGameCounter */ = {
			isa = PBXNativeTarget;
			buildConfigurationList = 16BE313E2A57F11C002A1B28 /* Build configuration list for PBXNativeTarget "XXGameCounter" */;
			buildPhases = (
				16BE31212A57F11A002A1B28 /* Sources */,
				16BE31222A57F11A002A1B28 /* Frameworks */,
				16BE31232A57F11A002A1B28 /* Resources */,
			);
			buildRules = (
			);
			dependencies = (
			);
			name = XXGameCounter;
			productName = XXGameCounter;
			productReference = 16BE31252A57F11A002A1B28 /* XXGameCounter.app */;
			productType = "com.apple.product-type.application";
		};
/* End PBXNativeTarget section */

/* Begin PBXProject section */
		16BE311D2A57F11A002A1B28 /* Project object */ = {
			isa = PBXProject;
			attributes = {
				BuildIndependentTargetsInParallel = 1;
				LastUpgradeCheck = 1320;
				TargetAttributes = {
					16BE31242A57F11A002A1B28 = {
						CreatedOnToolsVersion = 13.2.1;
					};
				};
			};
			buildConfigurationList = 16BE31202A57F11A002A1B28 /* Build configuration list for PBXProject "XXGameCounter" */;
			compatibilityVersion = "Xcode 13.0";
			developmentRegion = en;
			hasScannedForEncodings = 0;
			knownRegions = (
				en,
				Base,
			);
			mainGroup = 16BE311C2A57F11A002A1B28;
			productRefGroup = 16BE31262A57F11A002A1B28 /* Products */;
			projectDirPath = "";
			projectRoot = "";
			targets = (
				16BE31242A57F11A002A1B28 /* XXGameCounter */,
			);
		};
/* End PBXProject section */

/* Begin PBXResourcesBuildPhase section */
		16BE31232A57F11A002A1B28 /* Resources */ = {
			isa = PBXResourcesBuildPhase;
			buildActionMask = 2147483647;
			files = (
				16BE31382A57F11C002A1B28 /* LaunchScreen.storyboard in Resources */,
				16BE31352A57F11C002A1B28 /* Assets.xcassets in Resources */,
				16BE31332A57F11A002A1B28 /* Main.storyboard in Resources */,
			);
			runOnlyForDeploymentPostprocessing = 0;
		};
/* End PBXResourcesBuildPhase section */

/* Begin PBXSourcesBuildPhase section */
		16BE31212A57F11A002A1B28 /* Sources */ = {
			isa = PBXSourcesBuildPhase;
			buildActionMask = 2147483647;
			files = (
				16BE31302A57F11A002A1B28 /* ViewController.m in Sources */,
				16BE314F2A57F3B3002A1B28 /* XXTabBarController.m in Sources */,
				16BE314B2A57F278002A1B28 /* XXHomeVC.m in Sources */,
				16BE312A2A57F11A002A1B28 /* AppDelegate.m in Sources */,
				16D417092A580023000AFDB5 /* XXSettingVC.m in Sources */,
				16BE313B2A57F11C002A1B28 /* main.m in Sources */,
				16BE312D2A57F11A002A1B28 /* SceneDelegate.m in Sources */,
			);
			runOnlyForDeploymentPostprocessing = 0;
		};
/* End PBXSourcesBuildPhase section */

/* Begin PBXVariantGroup section */
		16BE31312A57F11A002A1B28 /* Main.storyboard */ = {
			isa = PBXVariantGroup;
			children = (
				16BE31322A57F11A002A1B28 /* Base */,
			);
			name = Main.storyboard;
			sourceTree = "<group>";
		};
		16BE31362A57F11C002A1B28 /* LaunchScreen.storyboard */ = {
			isa = PBXVariantGroup;
			children = (
				16BE31372A57F11C002A1B28 /* Base */,
			);
			name = LaunchScreen.storyboard;
			sourceTree = "<group>";
		};
/* End PBXVariantGroup section */

/* Begin XCBuildConfiguration section */
		16BE313C2A57F11C002A1B28 /* Debug */ = {
			isa = XCBuildConfiguration;
			buildSettings = {
				ALWAYS_SEARCH_USER_PATHS = NO;
				CLANG_ANALYZER_NONNULL = YES;
				CLANG_ANALYZER_NUMBER_OBJECT_CONVERSION = YES_AGGRESSIVE;
				CLANG_CXX_LANGUAGE_STANDARD = "gnu++17";
				CLANG_CXX_LIBRARY = "libc++";
				CLANG_ENABLE_MODULES = YES;
				CLANG_ENABLE_OBJC_ARC = YES;
				CLANG_ENABLE_OBJC_WEAK = YES;
				CLANG_WARN_BLOCK_CAPTURE_AUTORELEASING = YES;
				CLANG_WARN_BOOL_CONVERSION = YES;
				CLANG_WARN_COMMA = YES;
				CLANG_WARN_CONSTANT_CONVERSION = YES;
				CLANG_WARN_DEPRECATED_OBJC_IMPLEMENTATIONS = YES;
				CLANG_WARN_DIRECT_OBJC_ISA_USAGE = YES_ERROR;
				CLANG_WARN_DOCUMENTATION_COMMENTS = YES;
				CLANG_WARN_EMPTY_BODY = YES;
				CLANG_WARN_ENUM_CONVERSION = YES;
				CLANG_WARN_INFINITE_RECURSION = YES;
				CLANG_WARN_INT_CONVERSION = YES;
				CLANG_WARN_NON_LITERAL_NULL_CONVERSION = YES;
				CLANG_WARN_OBJC_IMPLICIT_RETAIN_SELF = YES;
				CLANG_WARN_OBJC_LITERAL_CONVERSION = YES;
				CLANG_WARN_OBJC_ROOT_CLASS = YES_ERROR;
				CLANG_WARN_QUOTED_INCLUDE_IN_FRAMEWORK_HEADER = YES;
				CLANG_WARN_RANGE_LOOP_ANALYSIS = YES;
				CLANG_WARN_STRICT_PROTOTYPES = YES;
				CLANG_WARN_SUSPICIOUS_MOVE = YES;
				CLANG_WARN_UNGUARDED_AVAILABILITY = YES_AGGRESSIVE;
				CLANG_WARN_UNREACHABLE_CODE = YES;
				CLANG_WARN__DUPLICATE_METHOD_MATCH = YES;
				COPY_PHASE_STRIP = NO;
				DEBUG_INFORMATION_FORMAT = dwarf;
				ENABLE_STRICT_OBJC_MSGSEND = YES;
				ENABLE_TESTABILITY = YES;
				GCC_C_LANGUAGE_STANDARD = gnu11;
				GCC_DYNAMIC_NO_PIC = NO;
				GCC_NO_COMMON_BLOCKS = YES;
				GCC_OPTIMIZATION_LEVEL = 0;
				GCC_PREPROCESSOR_DEFINITIONS = (
					"DEBUG=1",
					"$(inherited)",
				);
				GCC_WARN_64_TO_32_BIT_CONVERSION = YES;
				GCC_WARN_ABOUT_RETURN_TYPE = YES_ERROR;
				GCC_WARN_UNDECLARED_SELECTOR = YES;
				GCC_WARN_UNINITIALIZED_AUTOS = YES_AGGRESSIVE;
				GCC_WARN_UNUSED_FUNCTION = YES;
				GCC_WARN_UNUSED_VARIABLE = YES;
				IPHONEOS_DEPLOYMENT_TARGET = 15.2;
				MTL_ENABLE_DEBUG_INFO = INCLUDE_SOURCE;
				MTL_FAST_MATH = YES;
				ONLY_ACTIVE_ARCH = YES;
				SDKROOT = iphoneos;
			};
			name = Debug;
		};
		16BE313D2A57F11C002A1B28 /* Release */ = {
			isa = XCBuildConfiguration;
			buildSettings = {
				ALWAYS_SEARCH_USER_PATHS = NO;
				CLANG_ANALYZER_NONNULL = YES;
				CLANG_ANALYZER_NUMBER_OBJECT_CONVERSION = YES_AGGRESSIVE;
				CLANG_CXX_LANGUAGE_STANDARD = "gnu++17";
				CLANG_CXX_LIBRARY = "libc++";
				CLANG_ENABLE_MODULES = YES;
				CLANG_ENABLE_OBJC_ARC = YES;
				CLANG_ENABLE_OBJC_WEAK = YES;
				CLANG_WARN_BLOCK_CAPTURE_AUTORELEASING = YES;
				CLANG_WARN_BOOL_CONVERSION = YES;
				CLANG_WARN_COMMA = YES;
				CLANG_WARN_CONSTANT_CONVERSION = YES;
				CLANG_WARN_DEPRECATED_OBJC_IMPLEMENTATIONS = YES;
				CLANG_WARN_DIRECT_OBJC_ISA_USAGE = YES_ERROR;
				CLANG_WARN_DOCUMENTATION_COMMENTS = YES;
				CLANG_WARN_EMPTY_BODY = YES;
				CLANG_WARN_ENUM_CONVERSION = YES;
				CLANG_WARN_INFINITE_RECURSION = YES;
				CLANG_WARN_INT_CONVERSION = YES;
				CLANG_WARN_NON_LITERAL_NULL_CONVERSION = YES;
				CLANG_WARN_OBJC_IMPLICIT_RETAIN_SELF = YES;
				CLANG_WARN_OBJC_LITERAL_CONVERSION = YES;
				CLANG_WARN_OBJC_ROOT_CLASS = YES_ERROR;
				CLANG_WARN_QUOTED_INCLUDE_IN_FRAMEWORK_HEADER = YES;
				CLANG_WARN_RANGE_LOOP_ANALYSIS = YES;
				CLANG_WARN_STRICT_PROTOTYPES = YES;
				CLANG_WARN_SUSPICIOUS_MOVE = YES;
				CLANG_WARN_UNGUARDED_AVAILABILITY = YES_AGGRESSIVE;
				CLANG_WARN_UNREACHABLE_CODE = YES;
				CLANG_WARN__DUPLICATE_METHOD_MATCH = YES;
				COPY_PHASE_STRIP = NO;
				DEBUG_INFORMATION_FORMAT = "dwarf-with-dsym";
				ENABLE_NS_ASSERTIONS = NO;
				ENABLE_STRICT_OBJC_MSGSEND = YES;
				GCC_C_LANGUAGE_STANDARD = gnu11;
				GCC_NO_COMMON_BLOCKS = YES;
				GCC_WARN_64_TO_32_BIT_CONVERSION = YES;
				GCC_WARN_ABOUT_RETURN_TYPE = YES_ERROR;
				GCC_WARN_UNDECLARED_SELECTOR = YES;
				GCC_WARN_UNINITIALIZED_AUTOS = YES_AGGRESSIVE;
				GCC_WARN_UNUSED_FUNCTION = YES;
				GCC_WARN_UNUSED_VARIABLE = YES;
				IPHONEOS_DEPLOYMENT_TARGET = 15.2;
				MTL_ENABLE_DEBUG_INFO = NO;
				MTL_FAST_MATH = YES;
				SDKROOT = iphoneos;
				VALIDATE_PRODUCT = YES;
			};
			name = Release;
		};
		16BE313F2A57F11C002A1B28 /* Debug */ = {
			isa = XCBuildConfiguration;
			buildSettings = {
				ASSETCATALOG_COMPILER_APPICON_NAME = AppIcon;
				ASSETCATALOG_COMPILER_GLOBAL_ACCENT_COLOR_NAME = AccentColor;
				CODE_SIGN_STYLE = Automatic;
				CURRENT_PROJECT_VERSION = 1;
				DEVELOPMENT_TEAM = 7323B9G3V3;
				GENERATE_INFOPLIST_FILE = YES;
				INFOPLIST_FILE = XXGameCounter/Classes/Other/Info.plist;
				INFOPLIST_KEY_UIApplicationSupportsIndirectInputEvents = YES;
				INFOPLIST_KEY_UILaunchStoryboardName = LaunchScreen;
				INFOPLIST_KEY_UIMainStoryboardFile = Main;
				INFOPLIST_KEY_UISupportedInterfaceOrientations_iPad = "UIInterfaceOrientationPortrait UIInterfaceOrientationPortraitUpsideDown UIInterfaceOrientationLandscapeLeft UIInterfaceOrientationLandscapeRight";
				INFOPLIST_KEY_UISupportedInterfaceOrientations_iPhone = "UIInterfaceOrientationPortrait UIInterfaceOrientationLandscapeLeft UIInterfaceOrientationLandscapeRight";
				LD_RUNPATH_SEARCH_PATHS = (
					"$(inherited)",
					"@executable_path/Frameworks",
				);
				MARKETING_VERSION = 1.0;
				PRODUCT_BUNDLE_IDENTIFIER = com.33cun.XXGameCounter;
				PRODUCT_NAME = "$(TARGET_NAME)";
				SWIFT_EMIT_LOC_STRINGS = YES;
				TARGETED_DEVICE_FAMILY = "1,2";
			};
			name = Debug;
		};
		16BE31402A57F11C002A1B28 /* Release */ = {
			isa = XCBuildConfiguration;
			buildSettings = {
				ASSETCATALOG_COMPILER_APPICON_NAME = AppIcon;
				ASSETCATALOG_COMPILER_GLOBAL_ACCENT_COLOR_NAME = AccentColor;
				CODE_SIGN_STYLE = Automatic;
				CURRENT_PROJECT_VERSION = 1;
				DEVELOPMENT_TEAM = 7323B9G3V3;
				GENERATE_INFOPLIST_FILE = YES;
				INFOPLIST_FILE = XXGameCounter/Classes/Other/Info.plist;
				INFOPLIST_KEY_UIApplicationSupportsIndirectInputEvents = YES;
				INFOPLIST_KEY_UILaunchStoryboardName = LaunchScreen;
				INFOPLIST_KEY_UIMainStoryboardFile = Main;
				INFOPLIST_KEY_UISupportedInterfaceOrientations_iPad = "UIInterfaceOrientationPortrait UIInterfaceOrientationPortraitUpsideDown UIInterfaceOrientationLandscapeLeft UIInterfaceOrientationLandscapeRight";
				INFOPLIST_KEY_UISupportedInterfaceOrientations_iPhone = "UIInterfaceOrientationPortrait UIInterfaceOrientationLandscapeLeft UIInterfaceOrientationLandscapeRight";
				LD_RUNPATH_SEARCH_PATHS = (
					"$(inherited)",
					"@executable_path/Frameworks",
				);
				MARKETING_VERSION = 1.0;
				PRODUCT_BUNDLE_IDENTIFIER = com.33cun.XXGameCounter;
				PRODUCT_NAME = "$(TARGET_NAME)";
				SWIFT_EMIT_LOC_STRINGS = YES;
				TARGETED_DEVICE_FAMILY = "1,2";
			};
			name = Release;
		};
/* End XCBuildConfiguration section */

/* Begin XCConfigurationList section */
		16BE31202A57F11A002A1B28 /* Build configuration list for PBXProject "XXGameCounter" */ = {
			isa = XCConfigurationList;
			buildConfigurations = (
				16BE313C2A57F11C002A1B28 /* Debug */,
				16BE313D2A57F11C002A1B28 /* Release */,
			);
			defaultConfigurationIsVisible = 0;
			defaultConfigurationName = Release;
		};
		16BE313E2A57F11C002A1B28 /* Build configuration list for PBXNativeTarget "XXGameCounter" */ = {
			isa = XCConfigurationList;
			buildConfigurations = (
				16BE313F2A57F11C002A1B28 /* Debug */,
				16BE31402A57F11C002A1B28 /* Release */,
			);
			defaultConfigurationIsVisible = 0;
			defaultConfigurationName = Release;
		};
/* End XCConfigurationList section */
	};
	rootObject = 16BE311D2A57F11A002A1B28 /* Project object */;
}
